
Microsoft Visual Studio Solution File, Format Version 12.00
# Visual Studio Version 17
VisualStudioVersion = 17.4.33110.190
MinimumVisualStudioVersion = 10.0.40219.1
Project("{FAE04EC0-301F-11D3-BF4B-00C04F79EFBC}") = "kaskad", "kaskad.csproj", "{E2B22862-0461-4F34-AE60-1304D9F10E39}"
EndProject
Global
	GlobalSection(SolutionConfigurationPlatforms) = preSolution
		Debug|Any CPU = Debug|Any CPU
		Release|Any CPU = Release|Any CPU
	EndGlobalSection
	GlobalSection(ProjectConfigurationPlatforms) = postSolution
		{E2B22862-0461-4F34-AE60-1304D9F10E39}.Debug|Any CPU.ActiveCfg = Debug|Any CPU
		{E2B22862-0461-4F34-AE60-1304D9F10E39}.Debug|Any CPU.Build.0 = Debug|Any CPU
		{E2B22862-0461-4F34-AE60-1304D9F10E39}.Release|Any CPU.ActiveCfg = Release|Any CPU
		{E2B22862-0461-4F34-AE60-1304D9F10E39}.Release|Any CPU.Build.0 = Release|Any CPU
	EndGlobalSection
	GlobalSection(SolutionProperties) = preSolution
		HideSolutionNode = FALSE
	EndGlobalSection
	GlobalSection(ExtensibilityGlobals) = postSolution
		SolutionGuid = {95D0EF33-D6C7-4AEA-8621-3F3BD40CCDC0}
	EndGlobalSection
EndGlobal
